
Microsoft Visual Studio Solution File, Format Version 12.00
# Visual Studio Version 17
VisualStudioVersion = 17.7.34221.43
MinimumVisualStudioVersion = 10.0.40219.1
Project("{8BC9CEB8-8B4A-11D0-8D11-00A0C91BC942}") = "2374 같은 수로 만들기", "2374 같은 수로 만들기\2374 같은 수로 만들기.vcxproj", "{46B3BC67-EA08-454D-933D-32E0CB909D75}"
EndProject
Global
	GlobalSection(SolutionConfigurationPlatforms) = preSolution
		Debug|x64 = Debug|x64
		Debug|x86 = Debug|x86
		Release|x64 = Release|x64
		Release|x86 = Release|x86
	EndGlobalSection
	GlobalSection(ProjectConfigurationPlatforms) = postSolution
		{46B3BC67-EA08-454D-933D-32E0CB909D75}.Debug|x64.ActiveCfg = Debug|x64
		{46B3BC67-EA08-454D-933D-32E0CB909D75}.Debug|x64.Build.0 = Debug|x64
		{46B3BC67-EA08-454D-933D-32E0CB909D75}.Debug|x86.ActiveCfg = Debug|Win32
		{46B3BC67-EA08-454D-933D-32E0CB909D75}.Debug|x86.Build.0 = Debug|Win32
		{46B3BC67-EA08-454D-933D-32E0CB909D75}.Release|x64.ActiveCfg = Release|x64
		{46B3BC67-EA08-454D-933D-32E0CB909D75}.Release|x64.Build.0 = Release|x64
		{46B3BC67-EA08-454D-933D-32E0CB909D75}.Release|x86.ActiveCfg = Release|Win32
		{46B3BC67-EA08-454D-933D-32E0CB909D75}.Release|x86.Build.0 = Release|Win32
	EndGlobalSection
	GlobalSection(SolutionProperties) = preSolution
		HideSolutionNode = FALSE
	EndGlobalSection
	GlobalSection(ExtensibilityGlobals) = postSolution
		SolutionGuid = {C0119D89-8A3A-47A2-977A-14F5097195D6}
	EndGlobalSection
EndGlobal
